
Microsoft Visual Studio Solution File, Format Version 12.00
Project("{FAE04EC0-301F-11D3-BF4B-00C04F79EFBC}") = "GBS-Essential-Core", "GBS-Essential-Core\GBS-Essential-Core.csproj", "{528563BC-B240-460B-B89D-E2BB25A082F5}"
EndProject
Global
	GlobalSection(SolutionConfigurationPlatforms) = preSolution
		Debug|Any CPU = Debug|Any CPU
		Release|Any CPU = Release|Any CPU
	EndGlobalSection
	GlobalSection(ProjectConfigurationPlatforms) = postSolution
		{528563BC-B240-460B-B89D-E2BB25A082F5}.Debug|Any CPU.ActiveCfg = Debug|Any CPU
		{528563BC-B240-460B-B89D-E2BB25A082F5}.Debug|Any CPU.Build.0 = Debug|Any CPU
		{528563BC-B240-460B-B89D-E2BB25A082F5}.Release|Any CPU.ActiveCfg = Release|Any CPU
		{528563BC-B240-460B-B89D-E2BB25A082F5}.Release|Any CPU.Build.0 = Release|Any CPU
	EndGlobalSection
EndGlobal
